
Microsoft Visual Studio Solution File, Format Version 12.00
# Visual Studio 15
VisualStudioVersion = 15.0.27130.2036
MinimumVisualStudioVersion = 10.0.40219.1
Project("{8BC9CEB8-8B4A-11D0-8D11-00A0C91BC942}") = "Dragons-SideScrolling", "Dragons_SideScrolling\Dragons_SideScrolling.vcxproj", "{639F082E-8ADD-4D52-997E-AF74BB4B2E94}"
EndProject
Global
	GlobalSection(SolutionConfigurationPlatforms) = preSolution
		Debug|x64 = Debug|x64
		Debug|x86 = Debug|x86
		Release|x64 = Release|x64
		Release|x86 = Release|x86
	EndGlobalSection
	GlobalSection(ProjectConfigurationPlatforms) = postSolution
		{639F082E-8ADD-4D52-997E-AF74BB4B2E94}.Debug|x64.ActiveCfg = Debug|x64
		{639F082E-8ADD-4D52-997E-AF74BB4B2E94}.Debug|x64.Build.0 = Debug|x64
		{639F082E-8ADD-4D52-997E-AF74BB4B2E94}.Debug|x86.ActiveCfg = Debug|Win32
		{639F082E-8ADD-4D52-997E-AF74BB4B2E94}.Debug|x86.Build.0 = Debug|Win32
		{639F082E-8ADD-4D52-997E-AF74BB4B2E94}.Release|x64.ActiveCfg = Release|x64
		{639F082E-8ADD-4D52-997E-AF74BB4B2E94}.Release|x64.Build.0 = Release|x64
		{639F082E-8ADD-4D52-997E-AF74BB4B2E94}.Release|x86.ActiveCfg = Release|Win32
		{639F082E-8ADD-4D52-997E-AF74BB4B2E94}.Release|x86.Build.0 = Release|Win32
	EndGlobalSection
	GlobalSection(SolutionProperties) = preSolution
		HideSolutionNode = FALSE
	EndGlobalSection
	GlobalSection(ExtensibilityGlobals) = postSolution
		SolutionGuid = {2FCD30EE-C7B3-4DF5-894C-70E6C2BEACC6}
	EndGlobalSection
EndGlobal
